# This file was autogenerated by Stack.
# You should not edit this file by hand.
# For more information, please see the documentation at:
#   https://docs.haskellstack.org/en/stable/lock_files

packages:
- completed:
    size: 32394
    url: https://github.com/mstksg/type-combinators/archive/50334ab6bc3e5c3aee53c881a027f687fde13fa4.tar.gz
    cabal-file:
      size: 1632
      sha256: c94c429cee3d55b46f2982d1fdc302e4810e0b27f48e4eb46eef742aa6711bba
    name: type-combinators
    version: 0.2.4.3
    sha256: 94ccb90c1bff6cae98b40a14884785a04259d2eb03b8110aa84848a635db75d1
    pantry-tree:
      size: 2319
      sha256: e9e8e104210165a9725f53786cc7f15d62f6da9115ae270b75d5659769a6daa0
  original:
    url: https://github.com/mstksg/type-combinators/archive/50334ab6bc3e5c3aee53c881a027f687fde13fa4.tar.gz
- completed:
    size: 27056
    url: https://github.com/mstksg/opto/archive/45809e7cd5d3457cd618cb8c574dc84b339cd65c.tar.gz
    cabal-file:
      size: 2371
      sha256: 0c79a503a209b39df3fc2a3411953efc39d0e26cadf70b5600a8a1afffff8c7a
    name: opto
    version: 0.1.0.0
    sha256: 0923afece7e9ccf47949fb6404a44a5ab444b2a8ef18d6b0111cb70a77cd6078
    pantry-tree:
      size: 1215
      sha256: 54a1c5f0d7dac736630cf73f39ecd9a835df7cfb61faecd13f4e17d6e8592d30
  original:
    url: https://github.com/mstksg/opto/archive/45809e7cd5d3457cd618cb8c574dc84b339cd65c.tar.gz
- completed:
    size: 347752
    url: https://github.com/mstksg/backprop/archive/106371536e66d7e5e67f83f4f530c576f9ebf567.tar.gz
    cabal-file:
      size: 2805
      sha256: a38430a6b4539cebd3c41d4fad9c48c2654fad6f6455d3b119882e7bf4804cfc
    name: backprop
    version: 0.2.6.3
    sha256: a8774e1c31d2235172100ea69c78cc953490bb4ba903f8ea0b7fd0289f1e8c4e
    pantry-tree:
      size: 2488
      sha256: 004877c63b7b6bd945e0a921c4b3c68b9b5c0711ada8999cad20d9aae71a697b
  original:
    url: https://github.com/mstksg/backprop/archive/106371536e66d7e5e67f83f4f530c576f9ebf567.tar.gz
- completed:
    size: 23983
    url: https://github.com/mstksg/decidable/archive/81e7469efdd8d1cf1f15fe4204a0b41bf3005377.tar.gz
    cabal-file:
      size: 1766
      sha256: 8cae7057a33911752b8f7b20b463041f1b205afc6b59857ac0b2d1a5727d0421
    name: decidable
    version: 0.1.5.0
    sha256: 4e2033b3aece1e08c9e7f8611a5206165e0677327481121f353fa39a5fb7d39f
    pantry-tree:
      size: 968
      sha256: 1bfcd3fd519d26652a2e739b6d202fcd76c5995118a154c381d32d0787d34942
  original:
    url: https://github.com/mstksg/decidable/archive/81e7469efdd8d1cf1f15fe4204a0b41bf3005377.tar.gz
- completed:
    size: 16329
    url: https://github.com/mstksg/list-witnesses/archive/35998dea6cb2cd4c2751e5308648a808259eac24.tar.gz
    cabal-file:
      size: 1672
      sha256: f6ffc653e9d654494d8978e9cf286bb7cddd48df8a98a365152efe3167033782
    name: list-witnesses
    version: 0.1.2.0
    sha256: 2250ce86376fd517a5fa74f81c74715846199b05bfdf98ab14cb8562f95a19c3
    pantry-tree:
      size: 598
      sha256: 8bdccb36003e637970d82096ac0d221afa6bf58fd128b3e89c6448b0b90b1521
  original:
    url: https://github.com/mstksg/list-witnesses/archive/35998dea6cb2cd4c2751e5308648a808259eac24.tar.gz
- completed:
    size: 8627
    url: https://github.com/mstksg/functor-products/archive/fcddcfa0358da8fc04c74eb73dc8b56f0e1a495f.tar.gz
    cabal-file:
      size: 1140
      sha256: de5ef87f6154dfdb5e8ca9d609e12959e93b28c2467a0e655dea1e9f67b33818
    name: functor-products
    version: 0.1.0.0
    sha256: 57e19263b5b0d3188e8e06a6fc82169018274c3c82ac1be6a06baa318f26b7a3
    pantry-tree:
      size: 477
      sha256: f72f40570783b47c396a0bd8b47f4f032cb227b1d5fb97748accf6bb147730a9
  original:
    url: https://github.com/mstksg/functor-products/archive/fcddcfa0358da8fc04c74eb73dc8b56f0e1a495f.tar.gz
snapshots:
- completed:
    size: 515171
    url: https://raw.githubusercontent.com/commercialhaskell/stackage-snapshots/master/nightly/2019/7/2.yaml
    sha256: 18fc764cb294e7e0325e4887ded87b6d3e6b5f65555768ea26722548e5145495
  original: nightly-2019-07-02
