# This file was autogenerated by Stack.
# You should not edit this file by hand.
# For more information, please see the documentation at:
#   https://docs.haskellstack.org/en/stable/lock_files

packages:
- completed:
    size: 26685
    url: https://github.com/mstksg/opto/archive/def9e41adc1123385037f92ead38c92cb6454dd2.tar.gz
    cabal-file:
      size: 2442
      sha256: 163eeb672b5afc9f7147275d786060a80308c31e57a84d94ebbb62c74c059ee8
    name: opto
    version: 0.1.0.0
    sha256: 627e8bf47074ae57b1ffa843810177c2df72fe3993de59aa2f8c68c6722b67f8
    pantry-tree:
      size: 1215
      sha256: f3dedce3dc9e88ec9fe99f0b69b8893fb2047e8c780d901e5832cfd2e1f52aae
  original:
    url: https://github.com/mstksg/opto/archive/def9e41adc1123385037f92ead38c92cb6454dd2.tar.gz
- completed:
    hackage: backprop-0.2.6.3@sha256:a38430a6b4539cebd3c41d4fad9c48c2654fad6f6455d3b119882e7bf4804cfc,2805
    pantry-tree:
      size: 2123
      sha256: 433f277d8d4a0ad480fe2f0e8f71bd1f2cc71604b1fd11a15e8c86c81424648f
  original:
    hackage: backprop-0.2.6.3
- completed:
    hackage: decidable-0.2.0.0@sha256:26ed0030afd612d7cb25e7ed56db905f7d1bfc2ecf7bc78dc5bb11c6daf0fc95,1766
    pantry-tree:
      size: 764
      sha256: 7e81308b22f553e6ec2914afac6cab9a9ee094b3d0f50a94502f4b58b86e3dbf
  original:
    hackage: decidable-0.2.0.0
- completed:
    hackage: functor-products-0.1.0.0@sha256:cc5e526b5f3694d33a89044578e4fe74e4e05dd01d5d96bc57be06d6d98a1883,1455
    pantry-tree:
      size: 408
      sha256: 33712b9ee5c4491bcf320dc53618dba0f765a1ece19e26336fa9ed2aa3809365
  original:
    hackage: functor-products-0.1.0.0
- completed:
    hackage: hmatrix-vector-sized-0.1.2.0@sha256:5b13ea0d371c54293e8a2159d3cea1f1466b8908331e1a1956c26b8732ca67a3,1881
    pantry-tree:
      size: 402
      sha256: 38bbeddbc873627d95d789a55d12104e8fe376f80cf9ae3ef3ca4ca282e5b177
  original:
    hackage: hmatrix-vector-sized-0.1.2.0
- completed:
    hackage: hmatrix-backprop-0.1.3.0@sha256:eff786a68b34d44df9bd461c5890d0d876684f34e5fd4b6078a67263d21279f1,2294
    pantry-tree:
      size: 455
      sha256: 30892afe2120ad983d39bbda594a9d18b4d44572ba9d032e271455ba1b00091d
  original:
    hackage: hmatrix-backprop-0.1.3.0
- completed:
    hackage: list-witnesses-0.1.2.0@sha256:5f18b7fcbe7915c3e75a19184926ab3344970cfecdc4d7a53d4d1d15865f99fc,1670
    pantry-tree:
      size: 398
      sha256: b0d76ba71b1e125f2804942b794ed22a15b5a0577359141565cc096f7dccc427
  original:
    hackage: list-witnesses-0.1.2.0
snapshots:
- completed:
    size: 523869
    url: https://raw.githubusercontent.com/commercialhaskell/stackage-snapshots/master/nightly/2019/8/12.yaml
    sha256: 8fd2b13ede8b2d67b44fd11f68f741101dfefd68e4d62f4b0319c1574896a065
  original: nightly-2019-08-12
