# This file was autogenerated by Stack.
# You should not edit this file by hand.
# For more information, please see the documentation at:
#   https://docs.haskellstack.org/en/stable/lock_files

packages:
- completed:
    size: 32394
    url: https://github.com/mstksg/type-combinators/archive/50334ab6bc3e5c3aee53c881a027f687fde13fa4.tar.gz
    cabal-file:
      size: 1632
      sha256: c94c429cee3d55b46f2982d1fdc302e4810e0b27f48e4eb46eef742aa6711bba
    name: type-combinators
    version: 0.2.4.3
    sha256: 94ccb90c1bff6cae98b40a14884785a04259d2eb03b8110aa84848a635db75d1
    pantry-tree:
      size: 2319
      sha256: e9e8e104210165a9725f53786cc7f15d62f6da9115ae270b75d5659769a6daa0
  original:
    url: https://github.com/mstksg/type-combinators/archive/50334ab6bc3e5c3aee53c881a027f687fde13fa4.tar.gz
- completed:
    size: 23657
    url: https://github.com/mstksg/opto/archive/8ec2930c4c47be1bf90a753c34d44fe683947c44.tar.gz
    cabal-file:
      size: 2290
      sha256: ae779f5bef8f5e3e131ff4f6bab6105f400d2e201942109109433e07e04db805
    name: opto
    version: 0.1.0.0
    sha256: eb512c0f6232d599961fdec6798d690c6cc4f366c3f3bbe203a136545aee3810
    pantry-tree:
      size: 1143
      sha256: 6bd194362327cb70cf3e3f75e47c90bae406f45853b2121e8ba381baff0ae5fb
  original:
    url: https://github.com/mstksg/opto/archive/8ec2930c4c47be1bf90a753c34d44fe683947c44.tar.gz
- completed:
    size: 347752
    url: https://github.com/mstksg/backprop/archive/106371536e66d7e5e67f83f4f530c576f9ebf567.tar.gz
    cabal-file:
      size: 2805
      sha256: a38430a6b4539cebd3c41d4fad9c48c2654fad6f6455d3b119882e7bf4804cfc
    name: backprop
    version: 0.2.6.3
    sha256: a8774e1c31d2235172100ea69c78cc953490bb4ba903f8ea0b7fd0289f1e8c4e
    pantry-tree:
      size: 2488
      sha256: 004877c63b7b6bd945e0a921c4b3c68b9b5c0711ada8999cad20d9aae71a697b
  original:
    url: https://github.com/mstksg/backprop/archive/106371536e66d7e5e67f83f4f530c576f9ebf567.tar.gz
- completed:
    size: 32706
    url: https://github.com/mstksg/decidable/archive/5028ea8f78195467bbbb38ed219b2509f974e163.tar.gz
    cabal-file:
      size: 1785
      sha256: f8b7a2635d2cfbf7846cded6e1b18beef2d3990becc1c839316abc11a8c8a553
    name: decidable
    version: 0.1.5.0
    sha256: ffcb66dfcd35e4161ebd205b6b2299c84281bf11747c8075df369d7e1de4a0fd
    pantry-tree:
      size: 1115
      sha256: 47c8467d9a89cde35a83320a61e4ffc12d44d9bf69933ee393ae5669398636d1
  original:
    url: https://github.com/mstksg/decidable/archive/5028ea8f78195467bbbb38ed219b2509f974e163.tar.gz
- completed:
    size: 15830
    url: https://github.com/mstksg/list-witnesses/archive/eae99a2808e231502197a9cf7f71358e9f3f0c68.tar.gz
    cabal-file:
      size: 1649
      sha256: 01e8c1b734d74c5816b9e8fdb52074f59583c3573d2a4106ee06dd3ea3003757
    name: list-witnesses
    version: 0.1.2.0
    sha256: f6a2185d1ee44b5a112e876eff6eb0a3101b0a5e45be39839ec4511fc192c7fe
    pantry-tree:
      size: 597
      sha256: 1e4b5c336f54ca4ee108de936ef1b1ae77db3f49b74303d7acd28be42cdbd3a1
  original:
    url: https://github.com/mstksg/list-witnesses/archive/eae99a2808e231502197a9cf7f71358e9f3f0c68.tar.gz
snapshots:
- completed:
    size: 515171
    url: https://raw.githubusercontent.com/commercialhaskell/stackage-snapshots/master/nightly/2019/7/2.yaml
    sha256: 18fc764cb294e7e0325e4887ded87b6d3e6b5f65555768ea26722548e5145495
  original: nightly-2019-07-02
